
Microsoft Visual Studio Solution File, Format Version 12.00
# Visual Studio 15
VisualStudioVersion = 15.0.27130.2027
MinimumVisualStudioVersion = 10.0.40219.1
Project("{2150E333-8FDC-42A3-9474-1A3956D46DE8}") = "Tests", "Tests", "{21095F0C-C3D6-433E-A890-F9EC82BBFB1D}"
EndProject
Project("{FAE04EC0-301F-11D3-BF4B-00C04F79EFBC}") = "Friday.ValueTypes", "Friday.ValueTypes\Friday.ValueTypes.csproj", "{8F968258-FCB6-48F5-A269-8A432D4F5F30}"
EndProject
Project("{FAE04EC0-301F-11D3-BF4B-00C04F79EFBC}") = "Friday.ValueTypes.Tests", "Tests\Friday.ValueTypes.Tests\Friday.ValueTypes.Tests.csproj", "{28016384-5786-4F29-AA2F-20AAA6457593}"
EndProject
Project("{FAE04EC0-301F-11D3-BF4B-00C04F79EFBC}") = "Friday.Base.Tests", "Tests\Friday.Base.Tests\Friday.Base.Tests.csproj", "{4245B211-9CCB-4372-8ECB-29B847526A02}"
EndProject
Project("{FAE04EC0-301F-11D3-BF4B-00C04F79EFBC}") = "Friday.Network", "Friday.Network\Friday.Network.csproj", "{32516A4C-0DAE-462D-A27E-A32859224FF7}"
EndProject
Project("{FAE04EC0-301F-11D3-BF4B-00C04F79EFBC}") = "Friday.Bitcoin.Services", "Friday.Bitcoin.Services\Friday.Bitcoin.Services.csproj", "{E9565AC3-1015-4E8D-8779-EDA6352E8C51}"
EndProject
Project("{FAE04EC0-301F-11D3-BF4B-00C04F79EFBC}") = "Friday.Autofac.Composition.Tests", "Tests\Friday.Autofac.Composition.Tests\Friday.Autofac.Composition.Tests\Friday.Autofac.Composition.Tests.csproj", "{9E3E99FE-D601-4C63-9ECD-CCFD3F6CF791}"
EndProject
Project("{9A19103F-16F7-4668-BE54-9A1E7A4F7556}") = "Friday.Base", "Friday.Base\Friday.Base.csproj", "{7EE1E87C-92E8-441B-9B99-625815E48D76}"
EndProject
Project("{FAE04EC0-301F-11D3-BF4B-00C04F79EFBC}") = "Friday.ASP", "Friday.ASP\Friday.ASP.csproj", "{C745CB30-E0C5-4F9C-B6F8-02BC0A8E0FBC}"
EndProject
Project("{9A19103F-16F7-4668-BE54-9A1E7A4F7556}") = "Friday.Json.Basics", "Friday.Json.Basics\Friday.Json.Basics.csproj", "{83FD7F2F-15BD-4BB4-928B-37E5DB4301CD}"
EndProject
Project("{FAE04EC0-301F-11D3-BF4B-00C04F79EFBC}") = "Friday.Service.Basics", "Friday.Service.Basics\Friday.Service.Basics.csproj", "{0F3E7411-719B-4D29-ABBB-D5DDB798247A}"
EndProject
Project("{9A19103F-16F7-4668-BE54-9A1E7A4F7556}") = "Friday.Telemetry.Measure", "Friday.Telemetry.Measure\Friday.Telemetry.Measure.csproj", "{4DACB9F4-2D82-4F98-9323-2A643A01A463}"
EndProject
Global
	GlobalSection(SolutionConfigurationPlatforms) = preSolution
		Debug|Any CPU = Debug|Any CPU
		Release|Any CPU = Release|Any CPU
	EndGlobalSection
	GlobalSection(ProjectConfigurationPlatforms) = postSolution
		{8F968258-FCB6-48F5-A269-8A432D4F5F30}.Debug|Any CPU.ActiveCfg = Debug|Any CPU
		{8F968258-FCB6-48F5-A269-8A432D4F5F30}.Debug|Any CPU.Build.0 = Debug|Any CPU
		{8F968258-FCB6-48F5-A269-8A432D4F5F30}.Release|Any CPU.ActiveCfg = Release|Any CPU
		{8F968258-FCB6-48F5-A269-8A432D4F5F30}.Release|Any CPU.Build.0 = Release|Any CPU
		{28016384-5786-4F29-AA2F-20AAA6457593}.Debug|Any CPU.ActiveCfg = Debug|Any CPU
		{28016384-5786-4F29-AA2F-20AAA6457593}.Debug|Any CPU.Build.0 = Debug|Any CPU
		{28016384-5786-4F29-AA2F-20AAA6457593}.Release|Any CPU.ActiveCfg = Release|Any CPU
		{28016384-5786-4F29-AA2F-20AAA6457593}.Release|Any CPU.Build.0 = Release|Any CPU
		{4245B211-9CCB-4372-8ECB-29B847526A02}.Debug|Any CPU.ActiveCfg = Debug|Any CPU
		{4245B211-9CCB-4372-8ECB-29B847526A02}.Debug|Any CPU.Build.0 = Debug|Any CPU
		{4245B211-9CCB-4372-8ECB-29B847526A02}.Release|Any CPU.ActiveCfg = Release|Any CPU
		{4245B211-9CCB-4372-8ECB-29B847526A02}.Release|Any CPU.Build.0 = Release|Any CPU
		{32516A4C-0DAE-462D-A27E-A32859224FF7}.Debug|Any CPU.ActiveCfg = Debug|Any CPU
		{32516A4C-0DAE-462D-A27E-A32859224FF7}.Debug|Any CPU.Build.0 = Debug|Any CPU
		{32516A4C-0DAE-462D-A27E-A32859224FF7}.Release|Any CPU.ActiveCfg = Release|Any CPU
		{32516A4C-0DAE-462D-A27E-A32859224FF7}.Release|Any CPU.Build.0 = Release|Any CPU
		{E9565AC3-1015-4E8D-8779-EDA6352E8C51}.Debug|Any CPU.ActiveCfg = Debug|Any CPU
		{E9565AC3-1015-4E8D-8779-EDA6352E8C51}.Debug|Any CPU.Build.0 = Debug|Any CPU
		{E9565AC3-1015-4E8D-8779-EDA6352E8C51}.Release|Any CPU.ActiveCfg = Release|Any CPU
		{E9565AC3-1015-4E8D-8779-EDA6352E8C51}.Release|Any CPU.Build.0 = Release|Any CPU
		{9E3E99FE-D601-4C63-9ECD-CCFD3F6CF791}.Debug|Any CPU.ActiveCfg = Debug|Any CPU
		{9E3E99FE-D601-4C63-9ECD-CCFD3F6CF791}.Debug|Any CPU.Build.0 = Debug|Any CPU
		{9E3E99FE-D601-4C63-9ECD-CCFD3F6CF791}.Release|Any CPU.ActiveCfg = Release|Any CPU
		{9E3E99FE-D601-4C63-9ECD-CCFD3F6CF791}.Release|Any CPU.Build.0 = Release|Any CPU
		{7EE1E87C-92E8-441B-9B99-625815E48D76}.Debug|Any CPU.ActiveCfg = Debug|Any CPU
		{7EE1E87C-92E8-441B-9B99-625815E48D76}.Debug|Any CPU.Build.0 = Debug|Any CPU
		{7EE1E87C-92E8-441B-9B99-625815E48D76}.Release|Any CPU.ActiveCfg = Release|Any CPU
		{7EE1E87C-92E8-441B-9B99-625815E48D76}.Release|Any CPU.Build.0 = Release|Any CPU
		{C745CB30-E0C5-4F9C-B6F8-02BC0A8E0FBC}.Debug|Any CPU.ActiveCfg = Debug|Any CPU
		{C745CB30-E0C5-4F9C-B6F8-02BC0A8E0FBC}.Debug|Any CPU.Build.0 = Debug|Any CPU
		{C745CB30-E0C5-4F9C-B6F8-02BC0A8E0FBC}.Release|Any CPU.ActiveCfg = Release|Any CPU
		{C745CB30-E0C5-4F9C-B6F8-02BC0A8E0FBC}.Release|Any CPU.Build.0 = Release|Any CPU
		{83FD7F2F-15BD-4BB4-928B-37E5DB4301CD}.Debug|Any CPU.ActiveCfg = Debug|Any CPU
		{83FD7F2F-15BD-4BB4-928B-37E5DB4301CD}.Debug|Any CPU.Build.0 = Debug|Any CPU
		{83FD7F2F-15BD-4BB4-928B-37E5DB4301CD}.Release|Any CPU.ActiveCfg = Release|Any CPU
		{83FD7F2F-15BD-4BB4-928B-37E5DB4301CD}.Release|Any CPU.Build.0 = Release|Any CPU
		{0F3E7411-719B-4D29-ABBB-D5DDB798247A}.Debug|Any CPU.ActiveCfg = Debug|Any CPU
		{0F3E7411-719B-4D29-ABBB-D5DDB798247A}.Debug|Any CPU.Build.0 = Debug|Any CPU
		{0F3E7411-719B-4D29-ABBB-D5DDB798247A}.Release|Any CPU.ActiveCfg = Release|Any CPU
		{0F3E7411-719B-4D29-ABBB-D5DDB798247A}.Release|Any CPU.Build.0 = Release|Any CPU
		{4DACB9F4-2D82-4F98-9323-2A643A01A463}.Debug|Any CPU.ActiveCfg = Debug|Any CPU
		{4DACB9F4-2D82-4F98-9323-2A643A01A463}.Debug|Any CPU.Build.0 = Debug|Any CPU
		{4DACB9F4-2D82-4F98-9323-2A643A01A463}.Release|Any CPU.ActiveCfg = Release|Any CPU
		{4DACB9F4-2D82-4F98-9323-2A643A01A463}.Release|Any CPU.Build.0 = Release|Any CPU
	EndGlobalSection
	GlobalSection(SolutionProperties) = preSolution
		HideSolutionNode = FALSE
	EndGlobalSection
	GlobalSection(NestedProjects) = preSolution
		{28016384-5786-4F29-AA2F-20AAA6457593} = {21095F0C-C3D6-433E-A890-F9EC82BBFB1D}
		{4245B211-9CCB-4372-8ECB-29B847526A02} = {21095F0C-C3D6-433E-A890-F9EC82BBFB1D}
		{9E3E99FE-D601-4C63-9ECD-CCFD3F6CF791} = {21095F0C-C3D6-433E-A890-F9EC82BBFB1D}
	EndGlobalSection
	GlobalSection(ExtensibilityGlobals) = postSolution
		SolutionGuid = {05647CB0-A0E2-442D-ADC2-124A5E86C329}
	EndGlobalSection
EndGlobal
